{
  "name": "turning-point",
  "version": "1.0.0",
  "lockfileVersion": 1,
  "requires": true,
  "dependencies": {
    "cardinal-spline-js": {
      "version": "2.3.6",
      "resolved": "https://registry.npmjs.org/cardinal-spline-js/-/cardinal-spline-js-2.3.6.tgz",
      "integrity": "sha1-lxvity9BGm0zbIASvdVEFdhskJA="
    }
  }
}
